[{<<"ranch">>,
  {git,"git://github.com/ninenines/ranch.git",
       {ref,"adf1822defc2b7cfdc7aca112adabfa1d614043c"}},
  1},
 {<<"cowlib">>,
  {git,"git://github.com/ninenines/cowlib.git",
       {ref,"14e597baa42a436469f99661ed7994685e269dc2"}},
  1},
 {<<"ibrowse">>,
  {git,"https://github.com/cmullaparthi/ibrowse.git",
       {ref,"5ee4a806611fcf25cc74155871571e9983a0d0fc"}},
  0},
 {<<"cowboy">>,
  {git,"https://github.com/ninenines/cowboy.git",
       {ref,"341f991d58fde702f68fa9d0076ad6dc2f942917"}},
  0}].
