[{<<"wsock">>,
  {git,"https://github.com/esl/wsock",
       {ref,"251e18b80c018bb5a6e2f1bbd9bcfcc92e1d9383"}},
  2},
 {<<"hamcrest">>,
  {git,"https://github.com/hyperthunk/hamcrest-erlang.git",
       {ref,"8a90a1212d10ad3d9c22a13ce7348262081be4a8"}},
  2},
 {<<"wsecli">>,
  {git,"git://github.com/esl/wsecli.git",
       {ref,"f27ac5c192b60af27d241e2d055069164e9812b9"}},
  1},
 {<<"mustache">>,
  {git,"git://github.com/mojombo/mustache.erl.git",
       {ref,"d0246fe143058b6404f66cf99fece3ff6e87b7ed"}},
  1},
 {<<"meck">>,
  {git,"git://github.com/eproxus/meck.git",
       {ref,"dde759050eff19a1a80fd854d7375174b191665d"}},
  1},
 {<<"fusco">>,
  {git,"git://github.com/esl/fusco.git",
       {ref,"0a428471aefb3a38207c2141249181e6c018e565"}},
  1},
 {<<"base16">>,
  {git,"git://github.com/goj/base16.git",
       {ref,"ec420aa4ce0fb971f155274c606e00188a2ed37d"}},
  1},
 {<<"exml">>,
  {git,"https://github.com/Bucq/exml",
       {ref,"b3454f24ecc497a3fad97f25bb2ad274916006e4"}},
  0},
 {<<"escalus">>,
  {git,"https://github.com/esl/escalus",
       {ref,"df98efc264a3b233a0daab58b74f8f6ae80de1e4"}},
  0}].
